github.com/BurntSushi/toml v1.5.0 h1:W5quZX/G/csjUnuI8SUYlsHs9M38FC7znL0lIO+DvMg=
github.com/BurntSushi/toml v1.5.0/go.mod h1:ukJfTF/6rtPPRCnwkur4qwRxa8vTRFBF0uk2lLoLwho=
github.com/WJQSERVER-STUDIO/go-utils/copyb v0.0.4 h1:JLtFd00AdFg/TP+dtvIzLkdHwKUGPOAijN1sMtEYoFg=
github.com/WJQSERVER-STUDIO/go-utils/copyb v0.0.4/go.mod h1:FZ6XE+4TKy4MOfX1xWKe6Rwsg0ucYFCdNh1KLvyKTfc=
github.com/WJQSERVER-STUDIO/go-utils/limitreader v0.0.2 h1:8bBkKk6E2Zr+I5szL7gyc5f0DK8N9agIJCpM1Cqw2NE=
github.com/WJQSERVER-STUDIO/go-utils/limitreader v0.0.2/go.mod h1:yPX8xuZH+py7eLJwOYj3VVI/4/Yuy5+x8Mhq8qezcPg=
github.com/WJQSERVER-STUDIO/httpc v0.7.0 h1:iHhqlxppJBjlmvsIjvLZKRbWXqSdbeSGGofjHGmqGJc=
github.com/WJQSERVER-STUDIO/httpc v0.7.0/go.mod h1:M7KNUZjjhCkzzcg9lBPs9YfkImI+7vqjAyjdA19+joE=
github.com/fenthope/ikumi v0.0.2 h1:5oaSTf/Msp7M2O3o/X20omKWEQbFhX4KV0CVF21oCdk=
github.com/fenthope/ikumi v0.0.2/go.mod h1:IYbxzOGndZv/yRrbVMyV6dxh06X2wXCbfxrTRM1IruU=
github.com/fenthope/reco v0.0.3 h1:RmnQ0D9a8PWtwOODawitTe4BztTnS9wYwrDbipISNq4=
github.com/fenthope/reco v0.0.3/go.mod h1:mDkGLHte5udWTIcjQTxrABRcf56SSdxBOCLgrRDwI/Y=
github.com/fenthope/record v0.0.3 h1:v5urgs5LAkLMlljAT/MjW8fWuRHXPnAraTem5ui7rm4=
github.com/fenthope/record v0.0.3/go.mod h1:KFEkSc4TDZ3QIhP/wglD32uYVA6X1OUcripiao1DEE4=
github.com/go-json-experiment/json v0.0.0-20250517221953-25912455fbc8 h1:o8UqXPI6SVwQt04RGsqKp3qqmbOfTNMqDrWsc4O47kk=
github.com/go-json-experiment/json v0.0.0-20250517221953-25912455fbc8/go.mod h1:TiCD2a1pcmjd7YnhGH0f/zKNcCD06B029pHhzV23c2M=
github.com/hashicorp/golang-lru/v2 v2.0.7 h1:a+bsQ5rvGLjzHuww6tVxozPZFVghXaHOwFs4luLUK2k=
github.com/hashicorp/golang-lru/v2 v2.0.7/go.mod h1:QeFd9opnmA6QUJc5vARoKUSoFhyfM2/ZepoAG6RGpeM=
github.com/infinite-iroha/touka v0.2.4 h1:P1nmQYv4VEiTIahCw356VcFvpTFB9i11c31LeLh6WbM=
github.com/infinite-iroha/touka v0.2.4/go.mod h1:2MBPtsM+5ClIZ/E1mPEKx1Rb+KIndTwZlIa2CwRPV7A=
github.com/valyala/bytebufferpool v1.0.0 h1:GqA5TC/0021Y/b9FG4Oi9Mr3q7XYx6KllzawFIhcdPw=
github.com/valyala/bytebufferpool v1.0.0/go.mod h1:6bBcMArwyJ5K/AmCkWv1jt77kVWyCJ6HpOuEn7z0Csc=
github.com/wjqserver/modembed v0.0.1 h1:8ZDz7t9M5DLrUFlYgBUUmrMzxWsZPmHvOazkr/T2jEs=
github.com/wjqserver/modembed v0.0.1/go.mod h1:sYbQJMAjSBsdYQrUsuHY380XXE1CuRh8g9yyCztTXOQ=
golang.org/x/net v0.41.0 h1:vBTly1HeNPEn3wtREYfy4GZ/NECgw2Cnl+nK6Nz3uvw=
golang.org/x/net v0.41.0/go.mod h1:B/K4NNqkfmg07DQYrbwvSluqCJOOXwUjeb/5lOisjbA=
golang.org/x/time v0.12.0 h1:ScB/8o8olJvc+CQPWrK3fPZNfh7qgwCrY0zJmoEQLSE=
golang.org/x/time v0.12.0/go.mod h1:CDIdPxbZBQxdj6cxyCIdrNogrJKMJ7pr37NYpMcMDSg=
