github.com/BurntSushi/toml v1.5.0 h1:W5quZX/G/csjUnuI8SUYlsHs9M38FC7znL0lIO+DvMg=
github.com/BurntSushi/toml v1.5.0/go.mod h1:ukJfTF/6rtPPRCnwkur4qwRxa8vTRFBF0uk2lLoLwho=
github.com/WJQSERVER-STUDIO/go-utils/iox v0.0.2 h1:AiIHXP21LpK7pFfqUlUstgQEWzjbekZgxOuvVwiMfyM=
github.com/WJQSERVER-STUDIO/go-utils/iox v0.0.2/go.mod h1:mCLqYU32bTmEE6dpj37MKKiZgz70Jh/xyK9vVbq6pok=
github.com/WJQSERVER-STUDIO/go-utils/limitreader v0.0.2 h1:8bBkKk6E2Zr+I5szL7gyc5f0DK8N9agIJCpM1Cqw2NE=
github.com/WJQSERVER-STUDIO/go-utils/limitreader v0.0.2/go.mod h1:yPX8xuZH+py7eLJwOYj3VVI/4/Yuy5+x8Mhq8qezcPg=
github.com/WJQSERVER-STUDIO/httpc v0.8.2 h1:PFPLodV0QAfGEP6915J57vIqoKu9cGuuiXG/7C9TNUk=
github.com/WJQSERVER-STUDIO/httpc v0.8.2/go.mod h1:8WhHVRO+olDFBSvL5PC/bdMkb6U3vRdPJ4p4pnguV5Y=
github.com/fenthope/bauth v0.0.1 h1:+4UIQshGx3mYD4L3f2S4MLZOi5PWU7fU5GK3wsZvwzE=
github.com/fenthope/bauth v0.0.1/go.mod h1:1fveTpgfR1p+WXQ8MXm9BfBCeNYi55j23jxCOGOvBSA=
github.com/fenthope/ikumi v0.0.2 h1:5oaSTf/Msp7M2O3o/X20omKWEQbFhX4KV0CVF21oCdk=
github.com/fenthope/ikumi v0.0.2/go.mod h1:IYbxzOGndZv/yRrbVMyV6dxh06X2wXCbfxrTRM1IruU=
github.com/fenthope/ipfilter v0.0.1 h1:HrYAyixCMvsDAz36GRyFfyCNtrgYwzrhMcY0XV7fGcM=
github.com/fenthope/ipfilter v0.0.1/go.mod h1:QfY0GrpG0D82HROgdH4c9eog4js42ghLIfl/iM4MvvY=
github.com/fenthope/reco v0.0.4 h1:yo2g3aWwdoMpaZWZX4SdZOW7mCK82RQIU/YI8ZUQThM=
github.com/fenthope/reco v0.0.4/go.mod h1:eMyS8HpdMVdJ/2WJt6Cvt8P1EH9Igzj5lSJrgc+0jeg=
github.com/fenthope/record v0.0.4 h1:/1JHNCxiXGLL/qCh4LEGaAvhj4CcKsb6siTxjLmjdO4=
github.com/fenthope/record v0.0.4/go.mod h1:G0a6KCiCDyX2SsC3nfzSN651fJKxH482AyJvzlnvAJU=
github.com/go-json-experiment/json v0.0.0-20250725192818-e39067aee2d2 h1:iizUGZ9pEquQS5jTGkh4AqeeHCMbfbjeb0zMt0aEFzs=
github.com/go-json-experiment/json v0.0.0-20250725192818-e39067aee2d2/go.mod h1:TiCD2a1pcmjd7YnhGH0f/zKNcCD06B029pHhzV23c2M=
github.com/hashicorp/golang-lru/v2 v2.0.7 h1:a+bsQ5rvGLjzHuww6tVxozPZFVghXaHOwFs4luLUK2k=
github.com/hashicorp/golang-lru/v2 v2.0.7/go.mod h1:QeFd9opnmA6QUJc5vARoKUSoFhyfM2/ZepoAG6RGpeM=
github.com/infinite-iroha/touka v0.3.6 h1:SkpM/VFGCWOFQP3RRuoWdX/Q4zafPngG1VMwkrLwtkw=
github.com/infinite-iroha/touka v0.3.6/go.mod h1:XW7a3fpLAjJfylSmdNuDQ8wGKkKmLVi9V/89sT1d7uw=
github.com/valyala/bytebufferpool v1.0.0 h1:GqA5TC/0021Y/b9FG4Oi9Mr3q7XYx6KllzawFIhcdPw=
github.com/valyala/bytebufferpool v1.0.0/go.mod h1:6bBcMArwyJ5K/AmCkWv1jt77kVWyCJ6HpOuEn7z0Csc=
github.com/wjqserver/modembed v0.0.1 h1:8ZDz7t9M5DLrUFlYgBUUmrMzxWsZPmHvOazkr/T2jEs=
github.com/wjqserver/modembed v0.0.1/go.mod h1:sYbQJMAjSBsdYQrUsuHY380XXE1CuRh8g9yyCztTXOQ=
golang.org/x/net v0.43.0 h1:lat02VYK2j4aLzMzecihNvTlJNQUq316m2Mr9rnM6YE=
golang.org/x/net v0.43.0/go.mod h1:vhO1fvI4dGsIjh73sWfUVjj3N7CA9WkKJNQm2svM6Jg=
golang.org/x/time v0.12.0 h1:ScB/8o8olJvc+CQPWrK3fPZNfh7qgwCrY0zJmoEQLSE=
golang.org/x/time v0.12.0/go.mod h1:CDIdPxbZBQxdj6cxyCIdrNogrJKMJ7pr37NYpMcMDSg=
