github.com/BurntSushi/toml v1.6.0 h1:dRaEfpa2VI55EwlIW72hMRHdWouJeRF7TPYhI+AUQjk=
github.com/BurntSushi/toml v1.6.0/go.mod h1:ukJfTF/6rtPPRCnwkur4qwRxa8vTRFBF0uk2lLoLwho=
github.com/WJQSERVER-STUDIO/go-utils/iox v0.0.3 h1:Hc1O6D50U3URkdSzfQ/SgeUU750wUBCYhefdvAbE2Ck=
github.com/WJQSERVER-STUDIO/go-utils/iox v0.0.3/go.mod h1:nFQzepAwwdj5Hp5U+X19l4FVvsaOSBTW41BzfI/CkMA=
github.com/WJQSERVER-STUDIO/go-utils/limitreader v0.0.2 h1:8bBkKk6E2Zr+I5szL7gyc5f0DK8N9agIJCpM1Cqw2NE=
github.com/WJQSERVER-STUDIO/go-utils/limitreader v0.0.2/go.mod h1:yPX8xuZH+py7eLJwOYj3VVI/4/Yuy5+x8Mhq8qezcPg=
github.com/WJQSERVER-STUDIO/httpc v0.9.3 h1:wYZkz9f/+2WuDuzPlExebvnn0q6QeArM15Y51HJ5UUI=
github.com/WJQSERVER-STUDIO/httpc v0.9.3/go.mod h1:vtaDmN/8gN8Es1DJsGvvrFr8kErysJndu87i+KOWUHY=
github.com/WJQSERVER/wanf v0.0.8 h1:1Ri9d7nKhu22hGxP8O9B9rXnYym6DYGKgi6WRVx3VF8=
github.com/WJQSERVER/wanf v0.0.8/go.mod h1:R0Zw/1skEMVlQ9m5atbkmanlW+9h2bkdq7+wbPY+F/8=
github.com/fenthope/bauth v0.0.1 h1:+4UIQshGx3mYD4L3f2S4MLZOi5PWU7fU5GK3wsZvwzE=
github.com/fenthope/bauth v0.0.1/go.mod h1:1fveTpgfR1p+WXQ8MXm9BfBCeNYi55j23jxCOGOvBSA=
github.com/fenthope/ikumi v0.0.2 h1:5oaSTf/Msp7M2O3o/X20omKWEQbFhX4KV0CVF21oCdk=
github.com/fenthope/ikumi v0.0.2/go.mod h1:IYbxzOGndZv/yRrbVMyV6dxh06X2wXCbfxrTRM1IruU=
github.com/fenthope/ipfilter v0.0.1 h1:HrYAyixCMvsDAz36GRyFfyCNtrgYwzrhMcY0XV7fGcM=
github.com/fenthope/ipfilter v0.0.1/go.mod h1:QfY0GrpG0D82HROgdH4c9eog4js42ghLIfl/iM4MvvY=
github.com/fenthope/reco v0.0.5 h1:Z/bOunFf4LSgYP/IxG9fe2pTrIq7bPsDflflbNR5Agw=
github.com/fenthope/reco v0.0.5/go.mod h1:nd5gMkuJHN2+2Iwwt3xy+HSqRaROauIjHNkmQWRsHyM=
github.com/fenthope/record v0.0.4 h1:/1JHNCxiXGLL/qCh4LEGaAvhj4CcKsb6siTxjLmjdO4=
github.com/fenthope/record v0.0.4/go.mod h1:G0a6KCiCDyX2SsC3nfzSN651fJKxH482AyJvzlnvAJU=
github.com/go-json-experiment/json v0.0.0-20260214004413-d219187c3433 h1:vymEbVwYFP/L05h5TKQxvkXoKxNvTpjxYKdF1Nlwuao=
github.com/go-json-experiment/json v0.0.0-20260214004413-d219187c3433/go.mod h1:tphK2c80bpPhMOI4v6bIc2xWywPfbqi1Z06+RcrMkDg=
github.com/hashicorp/golang-lru/v2 v2.0.7 h1:a+bsQ5rvGLjzHuww6tVxozPZFVghXaHOwFs4luLUK2k=
github.com/hashicorp/golang-lru/v2 v2.0.7/go.mod h1:QeFd9opnmA6QUJc5vARoKUSoFhyfM2/ZepoAG6RGpeM=
github.com/infinite-iroha/touka v1.0.2 h1:Ow+WFXGspKynf1QTRxJak4FaCfpZsE6h1dT+uauAXdU=
github.com/infinite-iroha/touka v1.0.2/go.mod h1:mEpkNjM6Zze+28oA0Rcvxe/Xmr53DhyxpZvU7CRTRgU=
github.com/valyala/bytebufferpool v1.0.0 h1:GqA5TC/0021Y/b9FG4Oi9Mr3q7XYx6KllzawFIhcdPw=
github.com/valyala/bytebufferpool v1.0.0/go.mod h1:6bBcMArwyJ5K/AmCkWv1jt77kVWyCJ6HpOuEn7z0Csc=
github.com/wjqserver/modembed v0.0.1 h1:8ZDz7t9M5DLrUFlYgBUUmrMzxWsZPmHvOazkr/T2jEs=
github.com/wjqserver/modembed v0.0.1/go.mod h1:sYbQJMAjSBsdYQrUsuHY380XXE1CuRh8g9yyCztTXOQ=
golang.org/x/net v0.53.0 h1:d+qAbo5L0orcWAr0a9JweQpjXF19LMXJE8Ey7hwOdUA=
golang.org/x/net v0.53.0/go.mod h1:JvMuJH7rrdiCfbeHoo3fCQU24Lf5JJwT9W3sJFulfgs=
golang.org/x/text v0.36.0 h1:JfKh3XmcRPqZPKevfXVpI1wXPTqbkE5f7JA92a55Yxg=
golang.org/x/text v0.36.0/go.mod h1:NIdBknypM8iqVmPiuco0Dh6P5Jcdk8lJL0CUebqK164=
golang.org/x/time v0.15.0 h1:bbrp8t3bGUeFOx08pvsMYRTCVSMk89u4tKbNOZbp88U=
golang.org/x/time v0.15.0/go.mod h1:Y4YMaQmXwGQZoFaVFk4YpCt4FLQMYKZe9oeV/f4MSno=
